// !$*UTF8*$!
{
	archiveVersion = 1;
	classes = {
	};
	objectVersion = 56;
	objects = {

/* Begin PBXBuildFile section */
		42AA4C9C2C35727800EA2E99 /* Improv_iOS.docc in Sources */ = {isa = PBXBuildFile; fileRef = 42AA4C9B2C35727800EA2E99 /* Improv_iOS.docc */; };
		42AA4CA22C35727800EA2E99 /* Improv_iOS.framework in Frameworks */ = {isa = PBXBuildFile; fileRef = 42AA4C972C35727800EA2E99 /* Improv_iOS.framework */; };
		42AA4CA72C35727800EA2E99 /* Improv_iOSTests.swift in Sources */ = {isa = PBXBuildFile; fileRef = 42AA4CA62C35727800EA2E99 /* Improv_iOSTests.swift */; };
		42AA4CA82C35727800EA2E99 /* Improv_iOS.h in Headers */ = {isa = PBXBuildFile; fileRef = 42AA4C9A2C35727800EA2E99 /* Improv_iOS.h */; settings = {ATTRIBUTES = (Public, ); }; };
		42AA4CB82C3572C400EA2E99 /* Improv_iOS_DemoApp.swift in Sources */ = {isa = PBXBuildFile; fileRef = 42AA4CB72C3572C400EA2E99 /* Improv_iOS_DemoApp.swift */; };
		42AA4CBA2C3572C400EA2E99 /* ContentView.swift in Sources */ = {isa = PBXBuildFile; fileRef = 42AA4CB92C3572C400EA2E99 /* ContentView.swift */; };
		42AA4CBC2C3572C500EA2E99 /* Assets.xcassets in Resources */ = {isa = PBXBuildFile; fileRef = 42AA4CBB2C3572C500EA2E99 /* Assets.xcassets */; };
		42AA4CC02C3572C500EA2E99 /* Preview Assets.xcassets in Resources */ = {isa = PBXBuildFile; fileRef = 42AA4CBF2C3572C500EA2E99 /* Preview Assets.xcassets */; };
		42AA4CC52C3572D100EA2E99 /* Improv_iOS.framework in Frameworks */ = {isa = PBXBuildFile; fileRef = 42AA4C972C35727800EA2E99 /* Improv_iOS.framework */; platformFilters = (ios, macos, xros, ); };
		42AA4CC62C3572D100EA2E99 /* Improv_iOS.framework in Embed Frameworks */ = {isa = PBXBuildFile; fileRef = 42AA4C972C35727800EA2E99 /* Improv_iOS.framework */; platformFilters = (ios, macos, xros, ); settings = {ATTRIBUTES = (CodeSignOnCopy, RemoveHeadersOnCopy, ); }; };
		42AA4CCD2C3574EC00EA2E99 /* BluetoothOperations.swift in Sources */ = {isa = PBXBuildFile; fileRef = 42AA4CCC2C3574EC00EA2E99 /* BluetoothOperations.swift */; };
		42AA4CCF2C35757F00EA2E99 /* DeviceState.swift in Sources */ = {isa = PBXBuildFile; fileRef = 42AA4CCE2C35757F00EA2E99 /* DeviceState.swift */; };
		42AA4CD12C3575AC00EA2E99 /* ErrorState.swift in Sources */ = {isa = PBXBuildFile; fileRef = 42AA4CD02C3575AC00EA2E99 /* ErrorState.swift */; };
		42AA4CD32C3575EB00EA2E99 /* ImprovDevice.swift in Sources */ = {isa = PBXBuildFile; fileRef = 42AA4CD22C3575EB00EA2E99 /* ImprovDevice.swift */; };
		42AA4CD52C35761E00EA2E99 /* ImprovManager.swift in Sources */ = {isa = PBXBuildFile; fileRef = 42AA4CD42C35761E00EA2E99 /* ImprovManager.swift */; };
		42AA4CD92C35763200EA2E99 /* RpcCommand.swift in Sources */ = {isa = PBXBuildFile; fileRef = 42AA4CD82C35763200EA2E99 /* RpcCommand.swift */; };
		42AA4CDB2C357E2B00EA2E99 /* Logger.swift in Sources */ = {isa = PBXBuildFile; fileRef = 42AA4CDA2C357E2B00EA2E99 /* Logger.swift */; };
		42AA4CDE2C36A0F200EA2E99 /* DeviceView.swift in Sources */ = {isa = PBXBuildFile; fileRef = 42AA4CDD2C36A0F200EA2E99 /* DeviceView.swift */; };
/* End PBXBuildFile section */

/* Begin PBXContainerItemProxy section */
		42AA4CA32C35727800EA2E99 /* PBXContainerItemProxy */ = {
			isa = PBXContainerItemProxy;
			containerPortal = 42AA4C8E2C35727800EA2E99 /* Project object */;
			proxyType = 1;
			remoteGlobalIDString = 42AA4C962C35727800EA2E99;
			remoteInfo = "Improv-iOS";
		};
		42AA4CC72C3572D100EA2E99 /* PBXContainerItemProxy */ = {
			isa = PBXContainerItemProxy;
			containerPortal = 42AA4C8E2C35727800EA2E99 /* Project object */;
			proxyType = 1;
			remoteGlobalIDString = 42AA4C962C35727800EA2E99;
			remoteInfo = "Improv-iOS";
		};
/* End PBXContainerItemProxy section */

/* Begin PBXCopyFilesBuildPhase section */
		42AA4CC92C3572D100EA2E99 /* Embed Frameworks */ = {
			isa = PBXCopyFilesBuildPhase;
			buildActionMask = 2147483647;
			dstPath = "";
			dstSubfolderSpec = 10;
			files = (
				42AA4CC62C3572D100EA2E99 /* Improv_iOS.framework in Embed Frameworks */,
			);
			name = "Embed Frameworks";
			runOnlyForDeploymentPostprocessing = 0;
		};
/* End PBXCopyFilesBuildPhase section */

/* Begin PBXFileReference section */
		42AA4C972C35727800EA2E99 /* Improv_iOS.framework */ = {isa = PBXFileReference; explicitFileType = wrapper.framework; includeInIndex = 0; path = Improv_iOS.framework; sourceTree = BUILT_PRODUCTS_DIR; };
		42AA4C9A2C35727800EA2E99 /* Improv_iOS.h */ = {isa = PBXFileReference; lastKnownFileType = sourcecode.c.h; path = Improv_iOS.h; sourceTree = "<group>"; };
		42AA4C9B2C35727800EA2E99 /* Improv_iOS.docc */ = {isa = PBXFileReference; lastKnownFileType = folder.documentationcatalog; path = Improv_iOS.docc; sourceTree = "<group>"; };
		42AA4CA12C35727800EA2E99 /* Improv-iOSTests.xctest */ = {isa = PBXFileReference; explicitFileType = wrapper.cfbundle; includeInIndex = 0; path = "Improv-iOSTests.xctest"; sourceTree = BUILT_PRODUCTS_DIR; };
		42AA4CA62C35727800EA2E99 /* Improv_iOSTests.swift */ = {isa = PBXFileReference; lastKnownFileType = sourcecode.swift; path = Improv_iOSTests.swift; sourceTree = "<group>"; };
		42AA4CB52C3572C400EA2E99 /* Improve-iOS-Demo.app */ = {isa = PBXFileReference; explicitFileType = wrapper.application; includeInIndex = 0; path = "Improve-iOS-Demo.app"; sourceTree = BUILT_PRODUCTS_DIR; };
		42AA4CB72C3572C400EA2E99 /* Improv_iOS_DemoApp.swift */ = {isa = PBXFileReference; lastKnownFileType = sourcecode.swift; path = Improv_iOS_DemoApp.swift; sourceTree = "<group>"; };
		42AA4CB92C3572C400EA2E99 /* ContentView.swift */ = {isa = PBXFileReference; lastKnownFileType = sourcecode.swift; path = ContentView.swift; sourceTree = "<group>"; };
		42AA4CBB2C3572C500EA2E99 /* Assets.xcassets */ = {isa = PBXFileReference; lastKnownFileType = folder.assetcatalog; path = Assets.xcassets; sourceTree = "<group>"; };
		42AA4CBD2C3572C500EA2E99 /* Improv_iOS_Demo.entitlements */ = {isa = PBXFileReference; lastKnownFileType = text.plist.entitlements; path = Improv_iOS_Demo.entitlements; sourceTree = "<group>"; };
		42AA4CBF2C3572C500EA2E99 /* Preview Assets.xcassets */ = {isa = PBXFileReference; lastKnownFileType = folder.assetcatalog; path = "Preview Assets.xcassets"; sourceTree = "<group>"; };
		42AA4CCC2C3574EC00EA2E99 /* BluetoothOperations.swift */ = {isa = PBXFileReference; lastKnownFileType = sourcecode.swift; path = BluetoothOperations.swift; sourceTree = "<group>"; };
		42AA4CCE2C35757F00EA2E99 /* DeviceState.swift */ = {isa = PBXFileReference; lastKnownFileType = sourcecode.swift; path = DeviceState.swift; sourceTree = "<group>"; };
		42AA4CD02C3575AC00EA2E99 /* ErrorState.swift */ = {isa = PBXFileReference; lastKnownFileType = sourcecode.swift; path = ErrorState.swift; sourceTree = "<group>"; };
		42AA4CD22C3575EB00EA2E99 /* ImprovDevice.swift */ = {isa = PBXFileReference; lastKnownFileType = sourcecode.swift; path = ImprovDevice.swift; sourceTree = "<group>"; };
		42AA4CD42C35761E00EA2E99 /* ImprovManager.swift */ = {isa = PBXFileReference; lastKnownFileType = sourcecode.swift; path = ImprovManager.swift; sourceTree = "<group>"; };
		42AA4CD82C35763200EA2E99 /* RpcCommand.swift */ = {isa = PBXFileReference; lastKnownFileType = sourcecode.swift; path = RpcCommand.swift; sourceTree = "<group>"; };
		42AA4CDA2C357E2B00EA2E99 /* Logger.swift */ = {isa = PBXFileReference; lastKnownFileType = sourcecode.swift; path = Logger.swift; sourceTree = "<group>"; };
		42AA4CDD2C36A0F200EA2E99 /* DeviceView.swift */ = {isa = PBXFileReference; lastKnownFileType = sourcecode.swift; path = DeviceView.swift; sourceTree = "<group>"; };
/* End PBXFileReference section */

/* Begin PBXFrameworksBuildPhase section */
		42AA4C942C35727800EA2E99 /* Frameworks */ = {
			isa = PBXFrameworksBuildPhase;
			buildActionMask = 2147483647;
			files = (
			);
			runOnlyForDeploymentPostprocessing = 0;
		};
		42AA4C9E2C35727800EA2E99 /* Frameworks */ = {
			isa = PBXFrameworksBuildPhase;
			buildActionMask = 2147483647;
			files = (
				42AA4CA22C35727800EA2E99 /* Improv_iOS.framework in Frameworks */,
			);
			runOnlyForDeploymentPostprocessing = 0;
		};
		42AA4CB22C3572C400EA2E99 /* Frameworks */ = {
			isa = PBXFrameworksBuildPhase;
			buildActionMask = 2147483647;
			files = (
				42AA4CC52C3572D100EA2E99 /* Improv_iOS.framework in Frameworks */,
			);
			runOnlyForDeploymentPostprocessing = 0;
		};
/* End PBXFrameworksBuildPhase section */

/* Begin PBXGroup section */
		42AA4C8D2C35727800EA2E99 = {
			isa = PBXGroup;
			children = (
				42AA4C992C35727800EA2E99 /* Improv-iOS */,
				42AA4CA52C35727800EA2E99 /* Improv-iOSTests */,
				42AA4CB62C3572C400EA2E99 /* Improv-iOS-Demo */,
				42AA4C982C35727800EA2E99 /* Products */,
				42AA4CC42C3572D100EA2E99 /* Frameworks */,
			);
			sourceTree = "<group>";
		};
		42AA4C982C35727800EA2E99 /* Products */ = {
			isa = PBXGroup;
			children = (
				42AA4C972C35727800EA2E99 /* Improv_iOS.framework */,
				42AA4CA12C35727800EA2E99 /* Improv-iOSTests.xctest */,
				42AA4CB52C3572C400EA2E99 /* Improve-iOS-Demo.app */,
			);
			name = Products;
			sourceTree = "<group>";
		};
		42AA4C992C35727800EA2E99 /* Improv-iOS */ = {
			isa = PBXGroup;
			children = (
				42AA4C9A2C35727800EA2E99 /* Improv_iOS.h */,
				42AA4C9B2C35727800EA2E99 /* Improv_iOS.docc */,
				42AA4CCC2C3574EC00EA2E99 /* BluetoothOperations.swift */,
				42AA4CCE2C35757F00EA2E99 /* DeviceState.swift */,
				42AA4CD02C3575AC00EA2E99 /* ErrorState.swift */,
				42AA4CD22C3575EB00EA2E99 /* ImprovDevice.swift */,
				42AA4CD42C35761E00EA2E99 /* ImprovManager.swift */,
				42AA4CD82C35763200EA2E99 /* RpcCommand.swift */,
				42AA4CDA2C357E2B00EA2E99 /* Logger.swift */,
			);
			path = "Improv-iOS";
			sourceTree = "<group>";
		};
		42AA4CA52C35727800EA2E99 /* Improv-iOSTests */ = {
			isa = PBXGroup;
			children = (
				42AA4CA62C35727800EA2E99 /* Improv_iOSTests.swift */,
			);
			path = "Improv-iOSTests";
			sourceTree = "<group>";
		};
		42AA4CB62C3572C400EA2E99 /* Improv-iOS-Demo */ = {
			isa = PBXGroup;
			children = (
				42AA4CB72C3572C400EA2E99 /* Improv_iOS_DemoApp.swift */,
				42AA4CB92C3572C400EA2E99 /* ContentView.swift */,
				42AA4CDC2C36A0E400EA2E99 /* Device */,
				42AA4CBB2C3572C500EA2E99 /* Assets.xcassets */,
				42AA4CBD2C3572C500EA2E99 /* Improv_iOS_Demo.entitlements */,
				42AA4CBE2C3572C500EA2E99 /* Preview Content */,
			);
			path = "Improv-iOS-Demo";
			sourceTree = "<group>";
		};
		42AA4CBE2C3572C500EA2E99 /* Preview Content */ = {
			isa = PBXGroup;
			children = (
				42AA4CBF2C3572C500EA2E99 /* Preview Assets.xcassets */,
			);
			path = "Preview Content";
			sourceTree = "<group>";
		};
		42AA4CC42C3572D100EA2E99 /* Frameworks */ = {
			isa = PBXGroup;
			children = (
			);
			name = Frameworks;
			sourceTree = "<group>";
		};
		42AA4CDC2C36A0E400EA2E99 /* Device */ = {
			isa = PBXGroup;
			children = (
				42AA4CDD2C36A0F200EA2E99 /* DeviceView.swift */,
			);
			path = Device;
			sourceTree = "<group>";
		};
/* End PBXGroup section */

/* Begin PBXHeadersBuildPhase section */
		42AA4C922C35727800EA2E99 /* Headers */ = {
			isa = PBXHeadersBuildPhase;
			buildActionMask = 2147483647;
			files = (
				42AA4CA82C35727800EA2E99 /* Improv_iOS.h in Headers */,
			);
			runOnlyForDeploymentPostprocessing = 0;
		};
/* End PBXHeadersBuildPhase section */

/* Begin PBXNativeTarget section */
		42AA4C962C35727800EA2E99 /* Improv-iOS */ = {
			isa = PBXNativeTarget;
			buildConfigurationList = 42AA4CAB2C35727800EA2E99 /* Build configuration list for PBXNativeTarget "Improv-iOS" */;
			buildPhases = (
				42AA4C922C35727800EA2E99 /* Headers */,
				42AA4C932C35727800EA2E99 /* Sources */,
				42AA4C942C35727800EA2E99 /* Frameworks */,
				42AA4C952C35727800EA2E99 /* Resources */,
			);
			buildRules = (
			);
			dependencies = (
			);
			name = "Improv-iOS";
			productName = "Improv-iOS";
			productReference = 42AA4C972C35727800EA2E99 /* Improv_iOS.framework */;
			productType = "com.apple.product-type.framework";
		};
		42AA4CA02C35727800EA2E99 /* Improv-iOSTests */ = {
			isa = PBXNativeTarget;
			buildConfigurationList = 42AA4CAE2C35727800EA2E99 /* Build configuration list for PBXNativeTarget "Improv-iOSTests" */;
			buildPhases = (
				42AA4C9D2C35727800EA2E99 /* Sources */,
				42AA4C9E2C35727800EA2E99 /* Frameworks */,
				42AA4C9F2C35727800EA2E99 /* Resources */,
			);
			buildRules = (
			);
			dependencies = (
				42AA4CA42C35727800EA2E99 /* PBXTargetDependency */,
			);
			name = "Improv-iOSTests";
			productName = "Improv-iOSTests";
			productReference = 42AA4CA12C35727800EA2E99 /* Improv-iOSTests.xctest */;
			productType = "com.apple.product-type.bundle.unit-test";
		};
		42AA4CB42C3572C400EA2E99 /* Improve-iOS-Demo */ = {
			isa = PBXNativeTarget;
			buildConfigurationList = 42AA4CC12C3572C500EA2E99 /* Build configuration list for PBXNativeTarget "Improve-iOS-Demo" */;
			buildPhases = (
				42AA4CB12C3572C400EA2E99 /* Sources */,
				42AA4CB22C3572C400EA2E99 /* Frameworks */,
				42AA4CB32C3572C400EA2E99 /* Resources */,
				42AA4CC92C3572D100EA2E99 /* Embed Frameworks */,
			);
			buildRules = (
			);
			dependencies = (
				42AA4CC82C3572D100EA2E99 /* PBXTargetDependency */,
			);
			name = "Improve-iOS-Demo";
			productName = "Improve-iOS-Demo";
			productReference = 42AA4CB52C3572C400EA2E99 /* Improve-iOS-Demo.app */;
			productType = "com.apple.product-type.application";
		};
/* End PBXNativeTarget section */

/* Begin PBXProject section */
		42AA4C8E2C35727800EA2E99 /* Project object */ = {
			isa = PBXProject;
			attributes = {
				BuildIndependentTargetsInParallel = 1;
				LastSwiftUpdateCheck = 1540;
				LastUpgradeCheck = 1540;
				TargetAttributes = {
					42AA4C962C35727800EA2E99 = {
						CreatedOnToolsVersion = 15.4;
					};
					42AA4CA02C35727800EA2E99 = {
						CreatedOnToolsVersion = 15.4;
					};
					42AA4CB42C3572C400EA2E99 = {
						CreatedOnToolsVersion = 15.4;
					};
				};
			};
			buildConfigurationList = 42AA4C912C35727800EA2E99 /* Build configuration list for PBXProject "Improv-iOS" */;
			compatibilityVersion = "Xcode 14.0";
			developmentRegion = en;
			hasScannedForEncodings = 0;
			knownRegions = (
				en,
				Base,
			);
			mainGroup = 42AA4C8D2C35727800EA2E99;
			productRefGroup = 42AA4C982C35727800EA2E99 /* Products */;
			projectDirPath = "";
			projectRoot = "";
			targets = (
				42AA4C962C35727800EA2E99 /* Improv-iOS */,
				42AA4CA02C35727800EA2E99 /* Improv-iOSTests */,
				42AA4CB42C3572C400EA2E99 /* Improve-iOS-Demo */,
			);
		};
/* End PBXProject section */

/* Begin PBXResourcesBuildPhase section */
		42AA4C952C35727800EA2E99 /* Resources */ = {
			isa = PBXResourcesBuildPhase;
			buildActionMask = 2147483647;
			files = (
			);
			runOnlyForDeploymentPostprocessing = 0;
		};
		42AA4C9F2C35727800EA2E99 /* Resources */ = {
			isa = PBXResourcesBuildPhase;
			buildActionMask = 2147483647;
			files = (
			);
			runOnlyForDeploymentPostprocessing = 0;
		};
		42AA4CB32C3572C400EA2E99 /* Resources */ = {
			isa = PBXResourcesBuildPhase;
			buildActionMask = 2147483647;
			files = (
				42AA4CC02C3572C500EA2E99 /* Preview Assets.xcassets in Resources */,
				42AA4CBC2C3572C500EA2E99 /* Assets.xcassets in Resources */,
			);
			runOnlyForDeploymentPostprocessing = 0;
		};
/* End PBXResourcesBuildPhase section */

/* Begin PBXSourcesBuildPhase section */
		42AA4C932C35727800EA2E99 /* Sources */ = {
			isa = PBXSourcesBuildPhase;
			buildActionMask = 2147483647;
			files = (
				42AA4CD52C35761E00EA2E99 /* ImprovManager.swift in Sources */,
				42AA4CD12C3575AC00EA2E99 /* ErrorState.swift in Sources */,
				42AA4CCF2C35757F00EA2E99 /* DeviceState.swift in Sources */,
				42AA4CDB2C357E2B00EA2E99 /* Logger.swift in Sources */,
				42AA4C9C2C35727800EA2E99 /* Improv_iOS.docc in Sources */,
				42AA4CD32C3575EB00EA2E99 /* ImprovDevice.swift in Sources */,
				42AA4CCD2C3574EC00EA2E99 /* BluetoothOperations.swift in Sources */,
				42AA4CD92C35763200EA2E99 /* RpcCommand.swift in Sources */,
			);
			runOnlyForDeploymentPostprocessing = 0;
		};
		42AA4C9D2C35727800EA2E99 /* Sources */ = {
			isa = PBXSourcesBuildPhase;
			buildActionMask = 2147483647;
			files = (
				42AA4CA72C35727800EA2E99 /* Improv_iOSTests.swift in Sources */,
			);
			runOnlyForDeploymentPostprocessing = 0;
		};
		42AA4CB12C3572C400EA2E99 /* Sources */ = {
			isa = PBXSourcesBuildPhase;
			buildActionMask = 2147483647;
			files = (
				42AA4CBA2C3572C400EA2E99 /* ContentView.swift in Sources */,
				42AA4CB82C3572C400EA2E99 /* Improv_iOS_DemoApp.swift in Sources */,
				42AA4CDE2C36A0F200EA2E99 /* DeviceView.swift in Sources */,
			);
			runOnlyForDeploymentPostprocessing = 0;
		};
/* End PBXSourcesBuildPhase section */

/* Begin PBXTargetDependency section */
		42AA4CA42C35727800EA2E99 /* PBXTargetDependency */ = {
			isa = PBXTargetDependency;
			target = 42AA4C962C35727800EA2E99 /* Improv-iOS */;
			targetProxy = 42AA4CA32C35727800EA2E99 /* PBXContainerItemProxy */;
		};
		42AA4CC82C3572D100EA2E99 /* PBXTargetDependency */ = {
			isa = PBXTargetDependency;
			platformFilters = (
				ios,
				macos,
				xros,
			);
			target = 42AA4C962C35727800EA2E99 /* Improv-iOS */;
			targetProxy = 42AA4CC72C3572D100EA2E99 /* PBXContainerItemProxy */;
		};
/* End PBXTargetDependency section */

/* Begin XCBuildConfiguration section */
		42AA4CA92C35727800EA2E99 /* Debug */ = {
			isa = XCBuildConfiguration;
			buildSettings = {
				ALWAYS_SEARCH_USER_PATHS = NO;
				ASSETCATALOG_COMPILER_GENERATE_SWIFT_ASSET_SYMBOL_EXTENSIONS = YES;
				CLANG_ANALYZER_NONNULL = YES;
				CLANG_ANALYZER_NUMBER_OBJECT_CONVERSION = YES_AGGRESSIVE;
				CLANG_CXX_LANGUAGE_STANDARD = "gnu++20";
				CLANG_ENABLE_MODULES = YES;
				CLANG_ENABLE_OBJC_ARC = YES;
				CLANG_ENABLE_OBJC_WEAK = YES;
				CLANG_WARN_BLOCK_CAPTURE_AUTORELEASING = YES;
				CLANG_WARN_BOOL_CONVERSION = YES;
				CLANG_WARN_COMMA = YES;
				CLANG_WARN_CONSTANT_CONVERSION = YES;
				CLANG_WARN_DEPRECATED_OBJC_IMPLEMENTATIONS = YES;
				CLANG_WARN_DIRECT_OBJC_ISA_USAGE = YES_ERROR;
				CLANG_WARN_DOCUMENTATION_COMMENTS = YES;
				CLANG_WARN_EMPTY_BODY = YES;
				CLANG_WARN_ENUM_CONVERSION = YES;
				CLANG_WARN_INFINITE_RECURSION = YES;
				CLANG_WARN_INT_CONVERSION = YES;
				CLANG_WARN_NON_LITERAL_NULL_CONVERSION = YES;
				CLANG_WARN_OBJC_IMPLICIT_RETAIN_SELF = YES;
				CLANG_WARN_OBJC_LITERAL_CONVERSION = YES;
				CLANG_WARN_OBJC_ROOT_CLASS = YES_ERROR;
				CLANG_WARN_QUOTED_INCLUDE_IN_FRAMEWORK_HEADER = YES;
				CLANG_WARN_RANGE_LOOP_ANALYSIS = YES;
				CLANG_WARN_STRICT_PROTOTYPES = YES;
				CLANG_WARN_SUSPICIOUS_MOVE = YES;
				CLANG_WARN_UNGUARDED_AVAILABILITY = YES_AGGRESSIVE;
				CLANG_WARN_UNREACHABLE_CODE = YES;
				CLANG_WARN__DUPLICATE_METHOD_MATCH = YES;
				COPY_PHASE_STRIP = NO;
				CURRENT_PROJECT_VERSION = 1;
				DEBUG_INFORMATION_FORMAT = dwarf;
				ENABLE_STRICT_OBJC_MSGSEND = YES;
				ENABLE_TESTABILITY = YES;
				ENABLE_USER_SCRIPT_SANDBOXING = YES;
				GCC_C_LANGUAGE_STANDARD = gnu17;
				GCC_DYNAMIC_NO_PIC = NO;
				GCC_NO_COMMON_BLOCKS = YES;
				GCC_OPTIMIZATION_LEVEL = 0;
				GCC_PREPROCESSOR_DEFINITIONS = (
					"DEBUG=1",
					"$(inherited)",
				);
				GCC_WARN_64_TO_32_BIT_CONVERSION = YES;
				GCC_WARN_ABOUT_RETURN_TYPE = YES_ERROR;
				GCC_WARN_UNDECLARED_SELECTOR = YES;
				GCC_WARN_UNINITIALIZED_AUTOS = YES_AGGRESSIVE;
				GCC_WARN_UNUSED_FUNCTION = YES;
				GCC_WARN_UNUSED_VARIABLE = YES;
				LOCALIZATION_PREFERS_STRING_CATALOGS = YES;
				MTL_ENABLE_DEBUG_INFO = INCLUDE_SOURCE;
				MTL_FAST_MATH = YES;
				ONLY_ACTIVE_ARCH = YES;
				SWIFT_ACTIVE_COMPILATION_CONDITIONS = "DEBUG $(inherited)";
				SWIFT_OPTIMIZATION_LEVEL = "-Onone";
				VERSIONING_SYSTEM = "apple-generic";
				VERSION_INFO_PREFIX = "";
			};
			name = Debug;
		};
		42AA4CAA2C35727800EA2E99 /* Release */ = {
			isa = XCBuildConfiguration;
			buildSettings = {
				ALWAYS_SEARCH_USER_PATHS = NO;
				ASSETCATALOG_COMPILER_GENERATE_SWIFT_ASSET_SYMBOL_EXTENSIONS = YES;
				CLANG_ANALYZER_NONNULL = YES;
				CLANG_ANALYZER_NUMBER_OBJECT_CONVERSION = YES_AGGRESSIVE;
				CLANG_CXX_LANGUAGE_STANDARD = "gnu++20";
				CLANG_ENABLE_MODULES = YES;
				CLANG_ENABLE_OBJC_ARC = YES;
				CLANG_ENABLE_OBJC_WEAK = YES;
				CLANG_WARN_BLOCK_CAPTURE_AUTORELEASING = YES;
				CLANG_WARN_BOOL_CONVERSION = YES;
				CLANG_WARN_COMMA = YES;
				CLANG_WARN_CONSTANT_CONVERSION = YES;
				CLANG_WARN_DEPRECATED_OBJC_IMPLEMENTATIONS = YES;
				CLANG_WARN_DIRECT_OBJC_ISA_USAGE = YES_ERROR;
				CLANG_WARN_DOCUMENTATION_COMMENTS = YES;
				CLANG_WARN_EMPTY_BODY = YES;
				CLANG_WARN_ENUM_CONVERSION = YES;
				CLANG_WARN_INFINITE_RECURSION = YES;
				CLANG_WARN_INT_CONVERSION = YES;
				CLANG_WARN_NON_LITERAL_NULL_CONVERSION = YES;
				CLANG_WARN_OBJC_IMPLICIT_RETAIN_SELF = YES;
				CLANG_WARN_OBJC_LITERAL_CONVERSION = YES;
				CLANG_WARN_OBJC_ROOT_CLASS = YES_ERROR;
				CLANG_WARN_QUOTED_INCLUDE_IN_FRAMEWORK_HEADER = YES;
				CLANG_WARN_RANGE_LOOP_ANALYSIS = YES;
				CLANG_WARN_STRICT_PROTOTYPES = YES;
				CLANG_WARN_SUSPICIOUS_MOVE = YES;
				CLANG_WARN_UNGUARDED_AVAILABILITY = YES_AGGRESSIVE;
				CLANG_WARN_UNREACHABLE_CODE = YES;
				CLANG_WARN__DUPLICATE_METHOD_MATCH = YES;
				COPY_PHASE_STRIP = NO;
				CURRENT_PROJECT_VERSION = 1;
				DEBUG_INFORMATION_FORMAT = "dwarf-with-dsym";
				ENABLE_NS_ASSERTIONS = NO;
				ENABLE_STRICT_OBJC_MSGSEND = YES;
				ENABLE_USER_SCRIPT_SANDBOXING = YES;
				GCC_C_LANGUAGE_STANDARD = gnu17;
				GCC_NO_COMMON_BLOCKS = YES;
				GCC_WARN_64_TO_32_BIT_CONVERSION = YES;
				GCC_WARN_ABOUT_RETURN_TYPE = YES_ERROR;
				GCC_WARN_UNDECLARED_SELECTOR = YES;
				GCC_WARN_UNINITIALIZED_AUTOS = YES_AGGRESSIVE;
				GCC_WARN_UNUSED_FUNCTION = YES;
				GCC_WARN_UNUSED_VARIABLE = YES;
				LOCALIZATION_PREFERS_STRING_CATALOGS = YES;
				MTL_ENABLE_DEBUG_INFO = NO;
				MTL_FAST_MATH = YES;
				SWIFT_COMPILATION_MODE = wholemodule;
				VERSIONING_SYSTEM = "apple-generic";
				VERSION_INFO_PREFIX = "";
			};
			name = Release;
		};
		42AA4CAC2C35727800EA2E99 /* Debug */ = {
			isa = XCBuildConfiguration;
			buildSettings = {
				ALLOW_TARGET_PLATFORM_SPECIALIZATION = YES;
				BUILD_LIBRARY_FOR_DISTRIBUTION = YES;
				CODE_SIGN_STYLE = Automatic;
				CURRENT_PROJECT_VERSION = 1;
				DEFINES_MODULE = YES;
				DEVELOPMENT_TEAM = QMQYCKL255;
				DYLIB_COMPATIBILITY_VERSION = 1;
				DYLIB_CURRENT_VERSION = 1;
				DYLIB_INSTALL_NAME_BASE = "@rpath";
				ENABLE_MODULE_VERIFIER = YES;
				GENERATE_INFOPLIST_FILE = YES;
				INFOPLIST_KEY_NSHumanReadableCopyright = "";
				INSTALL_PATH = "$(LOCAL_LIBRARY_DIR)/Frameworks";
				IPHONEOS_DEPLOYMENT_TARGET = 15.0;
				LD_RUNPATH_SEARCH_PATHS = (
					"@executable_path/Frameworks",
					"@loader_path/Frameworks",
				);
				"LD_RUNPATH_SEARCH_PATHS[sdk=macosx*]" = (
					"@executable_path/../Frameworks",
					"@loader_path/Frameworks",
				);
				MACOSX_DEPLOYMENT_TARGET = 12.0;
				MARKETING_VERSION = 1.0;
				MODULE_VERIFIER_SUPPORTED_LANGUAGES = "objective-c objective-c++";
				MODULE_VERIFIER_SUPPORTED_LANGUAGE_STANDARDS = "gnu17 gnu++20";
				PRODUCT_BUNDLE_IDENTIFIER = "com.nabucasa.Improv-iOS";
				PRODUCT_NAME = "$(TARGET_NAME:c99extidentifier)";
				SDKROOT = auto;
				SKIP_INSTALL = YES;
				SUPPORTED_PLATFORMS = "iphoneos iphonesimulator macosx watchos watchsimulator xros xrsimulator";
				SUPPORTS_MACCATALYST = NO;
				SWIFT_EMIT_LOC_STRINGS = YES;
				SWIFT_INSTALL_OBJC_HEADER = NO;
				SWIFT_VERSION = 5.0;
				TARGETED_DEVICE_FAMILY = "1,2,4,7";
				WATCHOS_DEPLOYMENT_TARGET = 8.0;
			};
			name = Debug;
		};
		42AA4CAD2C35727800EA2E99 /* Release */ = {
			isa = XCBuildConfiguration;
			buildSettings = {
				ALLOW_TARGET_PLATFORM_SPECIALIZATION = YES;
				BUILD_LIBRARY_FOR_DISTRIBUTION = YES;
				CODE_SIGN_STYLE = Automatic;
				CURRENT_PROJECT_VERSION = 1;
				DEFINES_MODULE = YES;
				DEVELOPMENT_TEAM = QMQYCKL255;
				DYLIB_COMPATIBILITY_VERSION = 1;
				DYLIB_CURRENT_VERSION = 1;
				DYLIB_INSTALL_NAME_BASE = "@rpath";
				ENABLE_MODULE_VERIFIER = YES;
				GENERATE_INFOPLIST_FILE = YES;
				INFOPLIST_KEY_NSHumanReadableCopyright = "";
				INSTALL_PATH = "$(LOCAL_LIBRARY_DIR)/Frameworks";
				IPHONEOS_DEPLOYMENT_TARGET = 15.0;
				LD_RUNPATH_SEARCH_PATHS = (
					"@executable_path/Frameworks",
					"@loader_path/Frameworks",
				);
				"LD_RUNPATH_SEARCH_PATHS[sdk=macosx*]" = (
					"@executable_path/../Frameworks",
					"@loader_path/Frameworks",
				);
				MACOSX_DEPLOYMENT_TARGET = 12.0;
				MARKETING_VERSION = 1.0;
				MODULE_VERIFIER_SUPPORTED_LANGUAGES = "objective-c objective-c++";
				MODULE_VERIFIER_SUPPORTED_LANGUAGE_STANDARDS = "gnu17 gnu++20";
				PRODUCT_BUNDLE_IDENTIFIER = "com.nabucasa.Improv-iOS";
				PRODUCT_NAME = "$(TARGET_NAME:c99extidentifier)";
				SDKROOT = auto;
				SKIP_INSTALL = YES;
				SUPPORTED_PLATFORMS = "iphoneos iphonesimulator macosx watchos watchsimulator xros xrsimulator";
				SUPPORTS_MACCATALYST = NO;
				SWIFT_EMIT_LOC_STRINGS = YES;
				SWIFT_INSTALL_OBJC_HEADER = NO;
				SWIFT_VERSION = 5.0;
				TARGETED_DEVICE_FAMILY = "1,2,4,7";
				WATCHOS_DEPLOYMENT_TARGET = 8.0;
			};
			name = Release;
		};
		42AA4CAF2C35727800EA2E99 /* Debug */ = {
			isa = XCBuildConfiguration;
			buildSettings = {
				ALLOW_TARGET_PLATFORM_SPECIALIZATION = YES;
				ALWAYS_EMBED_SWIFT_STANDARD_LIBRARIES = YES;
				CODE_SIGN_STYLE = Automatic;
				CURRENT_PROJECT_VERSION = 1;
				DEVELOPMENT_TEAM = QMQYCKL255;
				GENERATE_INFOPLIST_FILE = YES;
				IPHONEOS_DEPLOYMENT_TARGET = 17.5;
				MACOSX_DEPLOYMENT_TARGET = 14.5;
				MARKETING_VERSION = 1.0;
				PRODUCT_BUNDLE_IDENTIFIER = "com.nabucasa.Improv-iOSTests";
				PRODUCT_NAME = "$(TARGET_NAME)";
				SDKROOT = auto;
				SUPPORTED_PLATFORMS = "iphoneos iphonesimulator macosx";
				SWIFT_EMIT_LOC_STRINGS = NO;
				SWIFT_VERSION = 5.0;
				TARGETED_DEVICE_FAMILY = "1,2";
			};
			name = Debug;
		};
		42AA4CB02C35727800EA2E99 /* Release */ = {
			isa = XCBuildConfiguration;
			buildSettings = {
				ALLOW_TARGET_PLATFORM_SPECIALIZATION = YES;
				ALWAYS_EMBED_SWIFT_STANDARD_LIBRARIES = YES;
				CODE_SIGN_STYLE = Automatic;
				CURRENT_PROJECT_VERSION = 1;
				DEVELOPMENT_TEAM = QMQYCKL255;
				GENERATE_INFOPLIST_FILE = YES;
				IPHONEOS_DEPLOYMENT_TARGET = 17.5;
				MACOSX_DEPLOYMENT_TARGET = 14.5;
				MARKETING_VERSION = 1.0;
				PRODUCT_BUNDLE_IDENTIFIER = "com.nabucasa.Improv-iOSTests";
				PRODUCT_NAME = "$(TARGET_NAME)";
				SDKROOT = auto;
				SUPPORTED_PLATFORMS = "iphoneos iphonesimulator macosx";
				SWIFT_EMIT_LOC_STRINGS = NO;
				SWIFT_VERSION = 5.0;
				TARGETED_DEVICE_FAMILY = "1,2";
			};
			name = Release;
		};
		42AA4CC22C3572C500EA2E99 /* Debug */ = {
			isa = XCBuildConfiguration;
			buildSettings = {
				ALWAYS_EMBED_SWIFT_STANDARD_LIBRARIES = YES;
				ASSETCATALOG_COMPILER_APPICON_NAME = AppIcon;
				ASSETCATALOG_COMPILER_GLOBAL_ACCENT_COLOR_NAME = AccentColor;
				CODE_SIGN_ENTITLEMENTS = "Improv-iOS-Demo/Improv_iOS_Demo.entitlements";
				CODE_SIGN_IDENTITY = "Apple Development";
				"CODE_SIGN_IDENTITY[sdk=macosx*]" = "-";
				CODE_SIGN_STYLE = Automatic;
				CURRENT_PROJECT_VERSION = 1;
				DEVELOPMENT_ASSET_PATHS = "\"Improv-iOS-Demo/Preview Content\"";
				DEVELOPMENT_TEAM = QMQYCKL255;
				ENABLE_HARDENED_RUNTIME = YES;
				ENABLE_PREVIEWS = YES;
				GENERATE_INFOPLIST_FILE = YES;
				INFOPLIST_KEY_NSBluetoothAlwaysUsageDescription = "We use bluetooth to scan for Improv devices";
				"INFOPLIST_KEY_UIApplicationSceneManifest_Generation[sdk=iphoneos*]" = YES;
				"INFOPLIST_KEY_UIApplicationSceneManifest_Generation[sdk=iphonesimulator*]" = YES;
				"INFOPLIST_KEY_UIApplicationSupportsIndirectInputEvents[sdk=iphoneos*]" = YES;
				"INFOPLIST_KEY_UIApplicationSupportsIndirectInputEvents[sdk=iphonesimulator*]" = YES;
				"INFOPLIST_KEY_UILaunchScreen_Generation[sdk=iphoneos*]" = YES;
				"INFOPLIST_KEY_UILaunchScreen_Generation[sdk=iphonesimulator*]" = YES;
				"INFOPLIST_KEY_UIStatusBarStyle[sdk=iphoneos*]" = UIStatusBarStyleDefault;
				"INFOPLIST_KEY_UIStatusBarStyle[sdk=iphonesimulator*]" = UIStatusBarStyleDefault;
				INFOPLIST_KEY_UISupportedInterfaceOrientations_iPad = "UIInterfaceOrientationPortrait UIInterfaceOrientationPortraitUpsideDown UIInterfaceOrientationLandscapeLeft UIInterfaceOrientationLandscapeRight";
				INFOPLIST_KEY_UISupportedInterfaceOrientations_iPhone = "UIInterfaceOrientationPortrait UIInterfaceOrientationLandscapeLeft UIInterfaceOrientationLandscapeRight";
				IPHONEOS_DEPLOYMENT_TARGET = 15.0;
				LD_RUNPATH_SEARCH_PATHS = "@executable_path/Frameworks";
				"LD_RUNPATH_SEARCH_PATHS[sdk=macosx*]" = "@executable_path/../Frameworks";
				MACOSX_DEPLOYMENT_TARGET = 12.0;
				MARKETING_VERSION = 1.0;
				PRODUCT_BUNDLE_IDENTIFIER = "com.nabucasa.Improv-iOS-Demo";
				PRODUCT_NAME = "$(TARGET_NAME)";
				PROVISIONING_PROFILE_SPECIFIER = "";
				SDKROOT = auto;
				SUPPORTED_PLATFORMS = "iphoneos iphonesimulator macosx xros xrsimulator";
				SUPPORTS_MACCATALYST = NO;
				SWIFT_EMIT_LOC_STRINGS = YES;
				SWIFT_VERSION = 5.0;
				TARGETED_DEVICE_FAMILY = "1,2,7";
			};
			name = Debug;
		};
		42AA4CC32C3572C500EA2E99 /* Release */ = {
			isa = XCBuildConfiguration;
			buildSettings = {
				ALWAYS_EMBED_SWIFT_STANDARD_LIBRARIES = YES;
				ASSETCATALOG_COMPILER_APPICON_NAME = AppIcon;
				ASSETCATALOG_COMPILER_GLOBAL_ACCENT_COLOR_NAME = AccentColor;
				CODE_SIGN_ENTITLEMENTS = "Improv-iOS-Demo/Improv_iOS_Demo.entitlements";
				CODE_SIGN_IDENTITY = "Apple Development";
				"CODE_SIGN_IDENTITY[sdk=macosx*]" = "-";
				CODE_SIGN_STYLE = Automatic;
				CURRENT_PROJECT_VERSION = 1;
				DEVELOPMENT_ASSET_PATHS = "\"Improv-iOS-Demo/Preview Content\"";
				DEVELOPMENT_TEAM = QMQYCKL255;
				ENABLE_HARDENED_RUNTIME = YES;
				ENABLE_PREVIEWS = YES;
				GENERATE_INFOPLIST_FILE = YES;
				INFOPLIST_KEY_NSBluetoothAlwaysUsageDescription = "We use bluetooth to scan for Improv devices";
				"INFOPLIST_KEY_UIApplicationSceneManifest_Generation[sdk=iphoneos*]" = YES;
				"INFOPLIST_KEY_UIApplicationSceneManifest_Generation[sdk=iphonesimulator*]" = YES;
				"INFOPLIST_KEY_UIApplicationSupportsIndirectInputEvents[sdk=iphoneos*]" = YES;
				"INFOPLIST_KEY_UIApplicationSupportsIndirectInputEvents[sdk=iphonesimulator*]" = YES;
				"INFOPLIST_KEY_UILaunchScreen_Generation[sdk=iphoneos*]" = YES;
				"INFOPLIST_KEY_UILaunchScreen_Generation[sdk=iphonesimulator*]" = YES;
				"INFOPLIST_KEY_UIStatusBarStyle[sdk=iphoneos*]" = UIStatusBarStyleDefault;
				"INFOPLIST_KEY_UIStatusBarStyle[sdk=iphonesimulator*]" = UIStatusBarStyleDefault;
				INFOPLIST_KEY_UISupportedInterfaceOrientations_iPad = "UIInterfaceOrientationPortrait UIInterfaceOrientationPortraitUpsideDown UIInterfaceOrientationLandscapeLeft UIInterfaceOrientationLandscapeRight";
				INFOPLIST_KEY_UISupportedInterfaceOrientations_iPhone = "UIInterfaceOrientationPortrait UIInterfaceOrientationLandscapeLeft UIInterfaceOrientationLandscapeRight";
				IPHONEOS_DEPLOYMENT_TARGET = 15.0;
				LD_RUNPATH_SEARCH_PATHS = "@executable_path/Frameworks";
				"LD_RUNPATH_SEARCH_PATHS[sdk=macosx*]" = "@executable_path/../Frameworks";
				MACOSX_DEPLOYMENT_TARGET = 12.0;
				MARKETING_VERSION = 1.0;
				PRODUCT_BUNDLE_IDENTIFIER = "com.nabucasa.Improv-iOS-Demo";
				PRODUCT_NAME = "$(TARGET_NAME)";
				PROVISIONING_PROFILE_SPECIFIER = "";
				SDKROOT = auto;
				SUPPORTED_PLATFORMS = "iphoneos iphonesimulator macosx xros xrsimulator";
				SUPPORTS_MACCATALYST = NO;
				SWIFT_EMIT_LOC_STRINGS = YES;
				SWIFT_VERSION = 5.0;
				TARGETED_DEVICE_FAMILY = "1,2,7";
			};
			name = Release;
		};
/* End XCBuildConfiguration section */

/* Begin XCConfigurationList section */
		42AA4C912C35727800EA2E99 /* Build configuration list for PBXProject "Improv-iOS" */ = {
			isa = XCConfigurationList;
			buildConfigurations = (
				42AA4CA92C35727800EA2E99 /* Debug */,
				42AA4CAA2C35727800EA2E99 /* Release */,
			);
			defaultConfigurationIsVisible = 0;
			defaultConfigurationName = Release;
		};
		42AA4CAB2C35727800EA2E99 /* Build configuration list for PBXNativeTarget "Improv-iOS" */ = {
			isa = XCConfigurationList;
			buildConfigurations = (
				42AA4CAC2C35727800EA2E99 /* Debug */,
				42AA4CAD2C35727800EA2E99 /* Release */,
			);
			defaultConfigurationIsVisible = 0;
			defaultConfigurationName = Release;
		};
		42AA4CAE2C35727800EA2E99 /* Build configuration list for PBXNativeTarget "Improv-iOSTests" */ = {
			isa = XCConfigurationList;
			buildConfigurations = (
				42AA4CAF2C35727800EA2E99 /* Debug */,
				42AA4CB02C35727800EA2E99 /* Release */,
			);
			defaultConfigurationIsVisible = 0;
			defaultConfigurationName = Release;
		};
		42AA4CC12C3572C500EA2E99 /* Build configuration list for PBXNativeTarget "Improve-iOS-Demo" */ = {
			isa = XCConfigurationList;
			buildConfigurations = (
				42AA4CC22C3572C500EA2E99 /* Debug */,
				42AA4CC32C3572C500EA2E99 /* Release */,
			);
			defaultConfigurationIsVisible = 0;
			defaultConfigurationName = Release;
		};
/* End XCConfigurationList section */
	};
	rootObject = 42AA4C8E2C35727800EA2E99 /* Project object */;
}
